// !$*UTF8*$!
{
	archiveVersion = 1;
	classes = {
	};
	objectVersion = 77;
	objects = {

/* Begin PBXContainerItemProxy section */
		64F5B7CA2D35B2D1008A322C /* PBXContainerItemProxy */ = {
			isa = PBXContainerItemProxy;
			containerPortal = 64F5B7B12D35B2CE008A322C /* Project object */;
			proxyType = 1;
			remoteGlobalIDString = 64F5B7B82D35B2CE008A322C;
			remoteInfo = swift_sample;
		};
		64F5B7D42D35B2D1008A322C /* PBXContainerItemProxy */ = {
			isa = PBXContainerItemProxy;
			containerPortal = 64F5B7B12D35B2CE008A322C /* Project object */;
			proxyType = 1;
			remoteGlobalIDString = 64F5B7B82D35B2CE008A322C;
			remoteInfo = swift_sample;
		};
/* End PBXContainerItemProxy section */

/* Begin PBXFileReference section */
		64F5B7B92D35B2CE008A322C /* swift_sample.app */ = {isa = PBXFileReference; explicitFileType = wrapper.application; includeInIndex = 0; path = swift_sample.app; sourceTree = BUILT_PRODUCTS_DIR; };
		64F5B7C92D35B2D1008A322C /* swift_sampleTests.xctest */ = {isa = PBXFileReference; explicitFileType = wrapper.cfbundle; includeInIndex = 0; path = swift_sampleTests.xctest; sourceTree = BUILT_PRODUCTS_DIR; };
		64F5B7D32D35B2D1008A322C /* swift_sampleUITests.xctest */ = {isa = PBXFileReference; explicitFileType = wrapper.cfbundle; includeInIndex = 0; path = swift_sampleUITests.xctest; sourceTree = BUILT_PRODUCTS_DIR; };
/* End PBXFileReference section */

/* Begin PBXFileSystemSynchronizedRootGroup section */
		64F5B7BB2D35B2CE008A322C /* swift_sample */ = {
			isa = PBXFileSystemSynchronizedRootGroup;
			path = swift_sample;
			sourceTree = "<group>";
		};
		64F5B7CC2D35B2D1008A322C /* swift_sampleTests */ = {
			isa = PBXFileSystemSynchronizedRootGroup;
			path = swift_sampleTests;
			sourceTree = "<group>";
		};
		64F5B7D62D35B2D1008A322C /* swift_sampleUITests */ = {
			isa = PBXFileSystemSynchronizedRootGroup;
			path = swift_sampleUITests;
			sourceTree = "<group>";
		};
/* End PBXFileSystemSynchronizedRootGroup section */

/* Begin PBXFrameworksBuildPhase section */
		64F5B7B62D35B2CE008A322C /* Frameworks */ = {
			isa = PBXFrameworksBuildPhase;
			buildActionMask = 2147483647;
			files = (
			);
			runOnlyForDeploymentPostprocessing = 0;
		};
		64F5B7C62D35B2D1008A322C /* Frameworks */ = {
			isa = PBXFrameworksBuildPhase;
			buildActionMask = 2147483647;
			files = (
			);
			runOnlyForDeploymentPostprocessing = 0;
		};
		64F5B7D02D35B2D1008A322C /* Frameworks */ = {
			isa = PBXFrameworksBuildPhase;
			buildActionMask = 2147483647;
			files = (
			);
			runOnlyForDeploymentPostprocessing = 0;
		};
/* End PBXFrameworksBuildPhase section */

/* Begin PBXGroup section */
		64F5B7B02D35B2CE008A322C = {
			isa = PBXGroup;
			children = (
				64F5B7BB2D35B2CE008A322C /* swift_sample */,
				64F5B7CC2D35B2D1008A322C /* swift_sampleTests */,
				64F5B7D62D35B2D1008A322C /* swift_sampleUITests */,
				64F5B7BA2D35B2CE008A322C /* Products */,
			);
			sourceTree = "<group>";
		};
		64F5B7BA2D35B2CE008A322C /* Products */ = {
			isa = PBXGroup;
			children = (
				64F5B7B92D35B2CE008A322C /* swift_sample.app */,
				64F5B7C92D35B2D1008A322C /* swift_sampleTests.xctest */,
				64F5B7D32D35B2D1008A322C /* swift_sampleUITests.xctest */,
			);
			name = Products;
			sourceTree = "<group>";
		};
/* End PBXGroup section */

/* Begin PBXNativeTarget section */
		64F5B7B82D35B2CE008A322C /* swift_sample */ = {
			isa = PBXNativeTarget;
			buildConfigurationList = 64F5B7DD2D35B2D1008A322C /* Build configuration list for PBXNativeTarget "swift_sample" */;
			buildPhases = (
				64F5B7B52D35B2CE008A322C /* Sources */,
				64F5B7B62D35B2CE008A322C /* Frameworks */,
				64F5B7B72D35B2CE008A322C /* Resources */,
			);
			buildRules = (
			);
			dependencies = (
			);
			fileSystemSynchronizedGroups = (
				64F5B7BB2D35B2CE008A322C /* swift_sample */,
			);
			name = swift_sample;
			packageProductDependencies = (
			);
			productName = swift_sample;
			productReference = 64F5B7B92D35B2CE008A322C /* swift_sample.app */;
			productType = "com.apple.product-type.application";
		};
		64F5B7C82D35B2D1008A322C /* swift_sampleTests */ = {
			isa = PBXNativeTarget;
			buildConfigurationList = 64F5B7E02D35B2D1008A322C /* Build configuration list for PBXNativeTarget "swift_sampleTests" */;
			buildPhases = (
				64F5B7C52D35B2D1008A322C /* Sources */,
				64F5B7C62D35B2D1008A322C /* Frameworks */,
				64F5B7C72D35B2D1008A322C /* Resources */,
			);
			buildRules = (
			);
			dependencies = (
				64F5B7CB2D35B2D1008A322C /* PBXTargetDependency */,
			);
			fileSystemSynchronizedGroups = (
				64F5B7CC2D35B2D1008A322C /* swift_sampleTests */,
			);
			name = swift_sampleTests;
			packageProductDependencies = (
			);
			productName = swift_sampleTests;
			productReference = 64F5B7C92D35B2D1008A322C /* swift_sampleTests.xctest */;
			productType = "com.apple.product-type.bundle.unit-test";
		};
		64F5B7D22D35B2D1008A322C /* swift_sampleUITests */ = {
			isa = PBXNativeTarget;
			buildConfigurationList = 64F5B7E32D35B2D1008A322C /* Build configuration list for PBXNativeTarget "swift_sampleUITests" */;
			buildPhases = (
				64F5B7CF2D35B2D1008A322C /* Sources */,
				64F5B7D02D35B2D1008A322C /* Frameworks */,
				64F5B7D12D35B2D1008A322C /* Resources */,
			);
			buildRules = (
			);
			dependencies = (
				64F5B7D52D35B2D1008A322C /* PBXTargetDependency */,
			);
			fileSystemSynchronizedGroups = (
				64F5B7D62D35B2D1008A322C /* swift_sampleUITests */,
			);
			name = swift_sampleUITests;
			packageProductDependencies = (
			);
			productName = swift_sampleUITests;
			productReference = 64F5B7D32D35B2D1008A322C /* swift_sampleUITests.xctest */;
			productType = "com.apple.product-type.bundle.ui-testing";
		};
/* End PBXNativeTarget section */

/* Begin PBXProject section */
		64F5B7B12D35B2CE008A322C /* Project object */ = {
			isa = PBXProject;
			attributes = {
				BuildIndependentTargetsInParallel = 1;
				LastSwiftUpdateCheck = 1600;
				LastUpgradeCheck = 1600;
				TargetAttributes = {
					64F5B7B82D35B2CE008A322C = {
						CreatedOnToolsVersion = 16.0;
					};
					64F5B7C82D35B2D1008A322C = {
						CreatedOnToolsVersion = 16.0;
						TestTargetID = 64F5B7B82D35B2CE008A322C;
					};
					64F5B7D22D35B2D1008A322C = {
						CreatedOnToolsVersion = 16.0;
						TestTargetID = 64F5B7B82D35B2CE008A322C;
					};
				};
			};
			buildConfigurationList = 64F5B7B42D35B2CE008A322C /* Build configuration list for PBXProject "swift_sample" */;
			developmentRegion = en;
			hasScannedForEncodings = 0;
			knownRegions = (
				en,
				Base,
			);
			mainGroup = 64F5B7B02D35B2CE008A322C;
			minimizedProjectReferenceProxies = 1;
			preferredProjectObjectVersion = 77;
			productRefGroup = 64F5B7BA2D35B2CE008A322C /* Products */;
			projectDirPath = "";
			projectRoot = "";
			targets = (
				64F5B7B82D35B2CE008A322C /* swift_sample */,
				64F5B7C82D35B2D1008A322C /* swift_sampleTests */,
				64F5B7D22D35B2D1008A322C /* swift_sampleUITests */,
			);
		};
/* End PBXProject section */

/* Begin PBXResourcesBuildPhase section */
		64F5B7B72D35B2CE008A322C /* Resources */ = {
			isa = PBXResourcesBuildPhase;
			buildActionMask = 2147483647;
			files = (
			);
			runOnlyForDeploymentPostprocessing = 0;
		};
		64F5B7C72D35B2D1008A322C /* Resources */ = {
			isa = PBXResourcesBuildPhase;
			buildActionMask = 2147483647;
			files = (
			);
			runOnlyForDeploymentPostprocessing = 0;
		};
		64F5B7D12D35B2D1008A322C /* Resources */ = {
			isa = PBXResourcesBuildPhase;
			buildActionMask = 2147483647;
			files = (
			);
			runOnlyForDeploymentPostprocessing = 0;
		};
/* End PBXResourcesBuildPhase section */

/* Begin PBXSourcesBuildPhase section */
		64F5B7B52D35B2CE008A322C /* Sources */ = {
			isa = PBXSourcesBuildPhase;
			buildActionMask = 2147483647;
			files = (
			);
			runOnlyForDeploymentPostprocessing = 0;
		};
		64F5B7C52D35B2D1008A322C /* Sources */ = {
			isa = PBXSourcesBuildPhase;
			buildActionMask = 2147483647;
			files = (
			);
			runOnlyForDeploymentPostprocessing = 0;
		};
		64F5B7CF2D35B2D1008A322C /* Sources */ = {
			isa = PBXSourcesBuildPhase;
			buildActionMask = 2147483647;
			files = (
			);
			runOnlyForDeploymentPostprocessing = 0;
		};
/* End PBXSourcesBuildPhase section */

/* Begin PBXTargetDependency section */
		64F5B7CB2D35B2D1008A322C /* PBXTargetDependency */ = {
			isa = PBXTargetDependency;
			target = 64F5B7B82D35B2CE008A322C /* swift_sample */;
			targetProxy = 64F5B7CA2D35B2D1008A322C /* PBXContainerItemProxy */;
		};
		64F5B7D52D35B2D1008A322C /* PBXTargetDependency */ = {
			isa = PBXTargetDependency;
			target = 64F5B7B82D35B2CE008A322C /* swift_sample */;
			targetProxy = 64F5B7D42D35B2D1008A322C /* PBXContainerItemProxy */;
		};
/* End PBXTargetDependency section */

/* Begin XCBuildConfiguration section */
		64F5B7DB2D35B2D1008A322C /* Debug */ = {
			isa = XCBuildConfiguration;
			buildSettings = {
				ALWAYS_SEARCH_USER_PATHS = NO;
				ASSETCATALOG_COMPILER_GENERATE_SWIFT_ASSET_SYMBOL_EXTENSIONS = YES;
				CLANG_ANALYZER_NONNULL = YES;
				CLANG_ANALYZER_NUMBER_OBJECT_CONVERSION = YES_AGGRESSIVE;
				CLANG_CXX_LANGUAGE_STANDARD = "gnu++20";
				CLANG_ENABLE_MODULES = YES;
				CLANG_ENABLE_OBJC_ARC = YES;
				CLANG_ENABLE_OBJC_WEAK = YES;
				CLANG_WARN_BLOCK_CAPTURE_AUTORELEASING = YES;
				CLANG_WARN_BOOL_CONVERSION = YES;
				CLANG_WARN_COMMA = YES;
				CLANG_WARN_CONSTANT_CONVERSION = YES;
				CLANG_WARN_DEPRECATED_OBJC_IMPLEMENTATIONS = YES;
				CLANG_WARN_DIRECT_OBJC_ISA_USAGE = YES_ERROR;
				CLANG_WARN_DOCUMENTATION_COMMENTS = YES;
				CLANG_WARN_EMPTY_BODY = YES;
				CLANG_WARN_ENUM_CONVERSION = YES;
				CLANG_WARN_INFINITE_RECURSION = YES;
				CLANG_WARN_INT_CONVERSION = YES;
				CLANG_WARN_NON_LITERAL_NULL_CONVERSION = YES;
				CLANG_WARN_OBJC_IMPLICIT_RETAIN_SELF = YES;
				CLANG_WARN_OBJC_LITERAL_CONVERSION = YES;
				CLANG_WARN_OBJC_ROOT_CLASS = YES_ERROR;
				CLANG_WARN_QUOTED_INCLUDE_IN_FRAMEWORK_HEADER = YES;
				CLANG_WARN_RANGE_LOOP_ANALYSIS = YES;
				CLANG_WARN_STRICT_PROTOTYPES = YES;
				CLANG_WARN_SUSPICIOUS_MOVE = YES;
				CLANG_WARN_UNGUARDED_AVAILABILITY = YES_AGGRESSIVE;
				CLANG_WARN_UNREACHABLE_CODE = YES;
				CLANG_WARN__DUPLICATE_METHOD_MATCH = YES;
				COPY_PHASE_STRIP = NO;
				DEBUG_INFORMATION_FORMAT = dwarf;
				ENABLE_STRICT_OBJC_MSGSEND = YES;
				ENABLE_TESTABILITY = YES;
				ENABLE_USER_SCRIPT_SANDBOXING = YES;
				GCC_C_LANGUAGE_STANDARD = gnu17;
				GCC_DYNAMIC_NO_PIC = NO;
				GCC_NO_COMMON_BLOCKS = YES;
				GCC_OPTIMIZATION_LEVEL = 0;
				GCC_PREPROCESSOR_DEFINITIONS = (
					"DEBUG=1",
					"$(inherited)",
				);
				GCC_WARN_64_TO_32_BIT_CONVERSION = YES;
				GCC_WARN_ABOUT_RETURN_TYPE = YES_ERROR;
				GCC_WARN_UNDECLARED_SELECTOR = YES;
				GCC_WARN_UNINITIALIZED_AUTOS = YES_AGGRESSIVE;
				GCC_WARN_UNUSED_FUNCTION = YES;
				GCC_WARN_UNUSED_VARIABLE = YES;
				IPHONEOS_DEPLOYMENT_TARGET = 18.0;
				LOCALIZATION_PREFERS_STRING_CATALOGS = YES;
				MTL_ENABLE_DEBUG_INFO = INCLUDE_SOURCE;
				MTL_FAST_MATH = YES;
				ONLY_ACTIVE_ARCH = YES;
				SDKROOT = iphoneos;
				SWIFT_ACTIVE_COMPILATION_CONDITIONS = "DEBUG $(inherited)";
				SWIFT_OPTIMIZATION_LEVEL = "-Onone";
			};
			name = Debug;
		};
		64F5B7DC2D35B2D1008A322C /* Release */ = {
			isa = XCBuildConfiguration;
			buildSettings = {
				ALWAYS_SEARCH_USER_PATHS = NO;
				ASSETCATALOG_COMPILER_GENERATE_SWIFT_ASSET_SYMBOL_EXTENSIONS = YES;
				CLANG_ANALYZER_NONNULL = YES;
				CLANG_ANALYZER_NUMBER_OBJECT_CONVERSION = YES_AGGRESSIVE;
				CLANG_CXX_LANGUAGE_STANDARD = "gnu++20";
				CLANG_ENABLE_MODULES = YES;
				CLANG_ENABLE_OBJC_ARC = YES;
				CLANG_ENABLE_OBJC_WEAK = YES;
				CLANG_WARN_BLOCK_CAPTURE_AUTORELEASING = YES;
				CLANG_WARN_BOOL_CONVERSION = YES;
				CLANG_WARN_COMMA = YES;
				CLANG_WARN_CONSTANT_CONVERSION = YES;
				CLANG_WARN_DEPRECATED_OBJC_IMPLEMENTATIONS = YES;
				CLANG_WARN_DIRECT_OBJC_ISA_USAGE = YES_ERROR;
				CLANG_WARN_DOCUMENTATION_COMMENTS = YES;
				CLANG_WARN_EMPTY_BODY = YES;
				CLANG_WARN_ENUM_CONVERSION = YES;
				CLANG_WARN_INFINITE_RECURSION = YES;
				CLANG_WARN_INT_CONVERSION = YES;
				CLANG_WARN_NON_LITERAL_NULL_CONVERSION = YES;
				CLANG_WARN_OBJC_IMPLICIT_RETAIN_SELF = YES;
				CLANG_WARN_OBJC_LITERAL_CONVERSION = YES;
				CLANG_WARN_OBJC_ROOT_CLASS = YES_ERROR;
				CLANG_WARN_QUOTED_INCLUDE_IN_FRAMEWORK_HEADER = YES;
				CLANG_WARN_RANGE_LOOP_ANALYSIS = YES;
				CLANG_WARN_STRICT_PROTOTYPES = YES;
				CLANG_WARN_SUSPICIOUS_MOVE = YES;
				CLANG_WARN_UNGUARDED_AVAILABILITY = YES_AGGRESSIVE;
				CLANG_WARN_UNREACHABLE_CODE = YES;
				CLANG_WARN__DUPLICATE_METHOD_MATCH = YES;
				COPY_PHASE_STRIP = NO;
				DEBUG_INFORMATION_FORMAT = "dwarf-with-dsym";
				ENABLE_NS_ASSERTIONS = NO;
				ENABLE_STRICT_OBJC_MSGSEND = YES;
				ENABLE_USER_SCRIPT_SANDBOXING = YES;
				GCC_C_LANGUAGE_STANDARD = gnu17;
				GCC_NO_COMMON_BLOCKS = YES;
				GCC_WARN_64_TO_32_BIT_CONVERSION = YES;
				GCC_WARN_ABOUT_RETURN_TYPE = YES_ERROR;
				GCC_WARN_UNDECLARED_SELECTOR = YES;
				GCC_WARN_UNINITIALIZED_AUTOS = YES_AGGRESSIVE;
				GCC_WARN_UNUSED_FUNCTION = YES;
				GCC_WARN_UNUSED_VARIABLE = YES;
				IPHONEOS_DEPLOYMENT_TARGET = 18.0;
				LOCALIZATION_PREFERS_STRING_CATALOGS = YES;
				MTL_ENABLE_DEBUG_INFO = NO;
				MTL_FAST_MATH = YES;
				SDKROOT = iphoneos;
				SWIFT_COMPILATION_MODE = wholemodule;
				VALIDATE_PRODUCT = YES;
			};
			name = Release;
		};
		64F5B7DE2D35B2D1008A322C /* Debug */ = {
			isa = XCBuildConfiguration;
			buildSettings = {
				ASSETCATALOG_COMPILER_APPICON_NAME = AppIcon;
				ASSETCATALOG_COMPILER_GLOBAL_ACCENT_COLOR_NAME = AccentColor;
				CODE_SIGN_STYLE = Automatic;
				CURRENT_PROJECT_VERSION = 1;
				DEVELOPMENT_ASSET_PATHS = "\"swift_sample/Preview Content\"";
				DEVELOPMENT_TEAM = 9F44W5TA79;
				ENABLE_PREVIEWS = YES;
				GENERATE_INFOPLIST_FILE = YES;
				INFOPLIST_FILE = "swift-sample-Info.plist";
				INFOPLIST_KEY_UIApplicationSceneManifest_Generation = YES;
				INFOPLIST_KEY_UIApplicationSupportsIndirectInputEvents = YES;
				INFOPLIST_KEY_UILaunchScreen_Generation = YES;
				INFOPLIST_KEY_UISupportedInterfaceOrientations_iPad = "UIInterfaceOrientationPortrait UIInterfaceOrientationPortraitUpsideDown UIInterfaceOrientationLandscapeLeft UIInterfaceOrientationLandscapeRight";
				INFOPLIST_KEY_UISupportedInterfaceOrientations_iPhone = "UIInterfaceOrientationPortrait UIInterfaceOrientationLandscapeLeft UIInterfaceOrientationLandscapeRight";
				IPHONEOS_DEPLOYMENT_TARGET = 15.6;
				LD_RUNPATH_SEARCH_PATHS = (
					"$(inherited)",
					"@executable_path/Frameworks",
				);
				MARKETING_VERSION = 1.0;
				PRODUCT_BUNDLE_IDENTIFIER = "com.trimble.swift-sample";
				PRODUCT_NAME = "$(TARGET_NAME)";
				SWIFT_EMIT_LOC_STRINGS = YES;
				SWIFT_VERSION = 5.0;
				TARGETED_DEVICE_FAMILY = "1,2";
			};
			name = Debug;
		};
		64F5B7DF2D35B2D1008A322C /* Release */ = {
			isa = XCBuildConfiguration;
			buildSettings = {
				ASSETCATALOG_COMPILER_APPICON_NAME = AppIcon;
				ASSETCATALOG_COMPILER_GLOBAL_ACCENT_COLOR_NAME = AccentColor;
				CODE_SIGN_STYLE = Automatic;
				CURRENT_PROJECT_VERSION = 1;
				DEVELOPMENT_ASSET_PATHS = "\"swift_sample/Preview Content\"";
				DEVELOPMENT_TEAM = 9F44W5TA79;
				ENABLE_PREVIEWS = YES;
				GENERATE_INFOPLIST_FILE = YES;
				INFOPLIST_FILE = "swift-sample-Info.plist";
				INFOPLIST_KEY_UIApplicationSceneManifest_Generation = YES;
				INFOPLIST_KEY_UIApplicationSupportsIndirectInputEvents = YES;
				INFOPLIST_KEY_UILaunchScreen_Generation = YES;
				INFOPLIST_KEY_UISupportedInterfaceOrientations_iPad = "UIInterfaceOrientationPortrait UIInterfaceOrientationPortraitUpsideDown UIInterfaceOrientationLandscapeLeft UIInterfaceOrientationLandscapeRight";
				INFOPLIST_KEY_UISupportedInterfaceOrientations_iPhone = "UIInterfaceOrientationPortrait UIInterfaceOrientationLandscapeLeft UIInterfaceOrientationLandscapeRight";
				IPHONEOS_DEPLOYMENT_TARGET = 15.6;
				LD_RUNPATH_SEARCH_PATHS = (
					"$(inherited)",
					"@executable_path/Frameworks",
				);
				MARKETING_VERSION = 1.0;
				PRODUCT_BUNDLE_IDENTIFIER = "com.trimble.swift-sample";
				PRODUCT_NAME = "$(TARGET_NAME)";
				SWIFT_EMIT_LOC_STRINGS = YES;
				SWIFT_VERSION = 5.0;
				TARGETED_DEVICE_FAMILY = "1,2";
			};
			name = Release;
		};
		64F5B7E12D35B2D1008A322C /* Debug */ = {
			isa = XCBuildConfiguration;
			buildSettings = {
				BUNDLE_LOADER = "$(TEST_HOST)";
				CODE_SIGN_STYLE = Automatic;
				CURRENT_PROJECT_VERSION = 1;
				GENERATE_INFOPLIST_FILE = YES;
				IPHONEOS_DEPLOYMENT_TARGET = 18.0;
				MARKETING_VERSION = 1.0;
				PRODUCT_BUNDLE_IDENTIFIER = "com.example.swift-sampleTests";
				PRODUCT_NAME = "$(TARGET_NAME)";
				SWIFT_EMIT_LOC_STRINGS = NO;
				SWIFT_VERSION = 5.0;
				TARGETED_DEVICE_FAMILY = "1,2";
				TEST_HOST = "$(BUILT_PRODUCTS_DIR)/swift_sample.app/$(BUNDLE_EXECUTABLE_FOLDER_PATH)/swift_sample";
			};
			name = Debug;
		};
		64F5B7E22D35B2D1008A322C /* Release */ = {
			isa = XCBuildConfiguration;
			buildSettings = {
				BUNDLE_LOADER = "$(TEST_HOST)";
				CODE_SIGN_STYLE = Automatic;
				CURRENT_PROJECT_VERSION = 1;
				GENERATE_INFOPLIST_FILE = YES;
				IPHONEOS_DEPLOYMENT_TARGET = 18.0;
				MARKETING_VERSION = 1.0;
				PRODUCT_BUNDLE_IDENTIFIER = "com.example.swift-sampleTests";
				PRODUCT_NAME = "$(TARGET_NAME)";
				SWIFT_EMIT_LOC_STRINGS = NO;
				SWIFT_VERSION = 5.0;
				TARGETED_DEVICE_FAMILY = "1,2";
				TEST_HOST = "$(BUILT_PRODUCTS_DIR)/swift_sample.app/$(BUNDLE_EXECUTABLE_FOLDER_PATH)/swift_sample";
			};
			name = Release;
		};
		64F5B7E42D35B2D1008A322C /* Debug */ = {
			isa = XCBuildConfiguration;
			buildSettings = {
				CODE_SIGN_STYLE = Automatic;
				CURRENT_PROJECT_VERSION = 1;
				GENERATE_INFOPLIST_FILE = YES;
				MARKETING_VERSION = 1.0;
				PRODUCT_BUNDLE_IDENTIFIER = "com.example.swift-sampleUITests";
				PRODUCT_NAME = "$(TARGET_NAME)";
				SWIFT_EMIT_LOC_STRINGS = NO;
				SWIFT_VERSION = 5.0;
				TARGETED_DEVICE_FAMILY = "1,2";
				TEST_TARGET_NAME = swift_sample;
			};
			name = Debug;
		};
		64F5B7E52D35B2D1008A322C /* Release */ = {
			isa = XCBuildConfiguration;
			buildSettings = {
				CODE_SIGN_STYLE = Automatic;
				CURRENT_PROJECT_VERSION = 1;
				GENERATE_INFOPLIST_FILE = YES;
				MARKETING_VERSION = 1.0;
				PRODUCT_BUNDLE_IDENTIFIER = "com.example.swift-sampleUITests";
				PRODUCT_NAME = "$(TARGET_NAME)";
				SWIFT_EMIT_LOC_STRINGS = NO;
				SWIFT_VERSION = 5.0;
				TARGETED_DEVICE_FAMILY = "1,2";
				TEST_TARGET_NAME = swift_sample;
			};
			name = Release;
		};
/* End XCBuildConfiguration section */

/* Begin XCConfigurationList section */
		64F5B7B42D35B2CE008A322C /* Build configuration list for PBXProject "swift_sample" */ = {
			isa = XCConfigurationList;
			buildConfigurations = (
				64F5B7DB2D35B2D1008A322C /* Debug */,
				64F5B7DC2D35B2D1008A322C /* Release */,
			);
			defaultConfigurationIsVisible = 0;
			defaultConfigurationName = Release;
		};
		64F5B7DD2D35B2D1008A322C /* Build configuration list for PBXNativeTarget "swift_sample" */ = {
			isa = XCConfigurationList;
			buildConfigurations = (
				64F5B7DE2D35B2D1008A322C /* Debug */,
				64F5B7DF2D35B2D1008A322C /* Release */,
			);
			defaultConfigurationIsVisible = 0;
			defaultConfigurationName = Release;
		};
		64F5B7E02D35B2D1008A322C /* Build configuration list for PBXNativeTarget "swift_sampleTests" */ = {
			isa = XCConfigurationList;
			buildConfigurations = (
				64F5B7E12D35B2D1008A322C /* Debug */,
				64F5B7E22D35B2D1008A322C /* Release */,
			);
			defaultConfigurationIsVisible = 0;
			defaultConfigurationName = Release;
		};
		64F5B7E32D35B2D1008A322C /* Build configuration list for PBXNativeTarget "swift_sampleUITests" */ = {
			isa = XCConfigurationList;
			buildConfigurations = (
				64F5B7E42D35B2D1008A322C /* Debug */,
				64F5B7E52D35B2D1008A322C /* Release */,
			);
			defaultConfigurationIsVisible = 0;
			defaultConfigurationName = Release;
		};
/* End XCConfigurationList section */
	};
	rootObject = 64F5B7B12D35B2CE008A322C /* Project object */;
}
